
Microsoft Visual Studio Solution File, Format Version 12.00
# Visual Studio 2012
Project("{E24C65DC-7377-472B-9ABA-BC803B73C61A}") = "CustomerRecovery", ".", "{6795A17C-9470-4C9A-8780-6E92E0E6222C}"
	ProjectSection(WebsiteProperties) = preProject
		Frontpage = "false"
		TargetFrameworkMoniker = ".NETFramework,Version%3Dv4.5"
		Debug.AspNetCompiler.VirtualPath = "/CustomerRecovery"
		Debug.AspNetCompiler.PhysicalPath = "..\CustomerRecovery\"
		Debug.AspNetCompiler.TargetPath = "PrecompiledWeb\CustomerRecovery\"
		Debug.AspNetCompiler.Updateable = "true"
		Debug.AspNetCompiler.ForceOverwrite = "true"
		Debug.AspNetCompiler.FixedNames = "false"
		Debug.AspNetCompiler.Debug = "True"
		Release.AspNetCompiler.VirtualPath = "/CustomerRecovery"
		Release.AspNetCompiler.PhysicalPath = "..\CustomerRecovery\"
		Release.AspNetCompiler.TargetPath = "PrecompiledWeb\CustomerRecovery\"
		Release.AspNetCompiler.Updateable = "true"
		Release.AspNetCompiler.ForceOverwrite = "true"
		Release.AspNetCompiler.FixedNames = "false"
		Release.AspNetCompiler.Debug = "False"
		VWDPort = "1730"
		VWDDynamicPort = "false"
		StartServerOnDebug = "true"
	EndProjectSection
EndProject
Global
	GlobalSection(SolutionConfigurationPlatforms) = preSolution
		Debug|Any CPU = Debug|Any CPU
		Release|Any CPU = Release|Any CPU
	EndGlobalSection
	GlobalSection(ProjectConfigurationPlatforms) = postSolution
		{6795A17C-9470-4C9A-8780-6E92E0E6222C}.Debug|Any CPU.ActiveCfg = Debug|Any CPU
		{6795A17C-9470-4C9A-8780-6E92E0E6222C}.Debug|Any CPU.Build.0 = Debug|Any CPU
		{6795A17C-9470-4C9A-8780-6E92E0E6222C}.Release|Any CPU.ActiveCfg = Debug|Any CPU
		{6795A17C-9470-4C9A-8780-6E92E0E6222C}.Release|Any CPU.Build.0 = Debug|Any CPU
	EndGlobalSection
	GlobalSection(SolutionProperties) = preSolution
		HideSolutionNode = FALSE
	EndGlobalSection
EndGlobal
